lockfileVersion: '6.0'

settings:
  autoInstallPeers: true
  excludeLinksFromLockfile: false

dependencies:
  '@directus/sdk':
    specifier: ^13.0.2
    version: 13.0.2

packages:

  /@directus/sdk@13.0.2:
    resolution: {integrity: sha512-KECQM0w8xlgr5EklX+Jb9+dIzXyvJFjRfhiIAI7l/b0WEtVaCfvRMIrJXR3XsLeVW9u2nu+b/TffOyTMSLjm2w==}
    engines: {node: '>=18.0.0'}
    dev: false
